{
    "_meta": {
        "hash": {
            "sha256": "df65235588c79af0448c4a0645076b1d3bf2a7b8fdf43a3499a119248ca53911"
        },
        "pipfile-spec": 6,
        "requires": {
            "python_version": "3.11"
        },
        "sources": [
            {
                "name": "pypi",
                "url": "https://pypi.org/simple",
                "verify_ssl": true
            }
        ]
    },
    "default": {
        "asgiref": {
            "hashes": [
                "sha256:3e1e3ecc849832fe52ccf2cb6686b7a55f82bb1d6aee72a58826471390335e47",
                "sha256:c343bd80a0bec947a9860adb4c432ffa7db769836c64238fc34bdc3fec84d590"
            ],
            "markers": "python_version >= '3.8'",
            "version": "==3.8.1"
        },
        "django": {
            "hashes": [
                "sha256:4bd01a8c830bb77a8a3b0e7d8b25b887e536ad17a81ba2dce5476135c73312bd",
                "sha256:916423499d75d62da7aa038d19aef23d23498d8df229775eb0a6309ee1013775"
            ],
            "index": "pypi",
            "markers": "python_version >= '3.10'",
            "version": "==5.0.4"
        },
        "django-classy-tags": {
            "hashes": [
                "sha256:1c784cf1bac49c20a77b8f7d1541867c64076642a160a847ff449588d4e01e55",
                "sha256:c8d9d1aa2fa6e71c4d866df4dd11d23a69b8d25bbb750b2490a17b161774ee59"
            ],
            "markers": "python_version >= '3.8'",
            "version": "==4.1.0"
        },
        "django-cms": {
            "hashes": [
                "sha256:860a7e4045cde2ec22c0090d437f0110630ef8d9959b9a3b7cee2039c76687fb",
                "sha256:a46a58d8a2388e6e6b3f2dd5c884d902d0de6621dbca3c5e8705a4c31200e665"
            ],
            "index": "pypi",
            "markers": "python_version >= '3.8'",
            "version": "==4.1.0"
        },
        "django-formtools": {
            "hashes": [
                "sha256:47cb34552c6efca088863d693284d04fc36eaaf350eb21e1a1d935e0df523c93",
                "sha256:bce9b64eda52cc1eef6961cc649cf75aacd1a707c2fff08d6c3efcbc8e7e761a"
            ],
            "markers": "python_version >= '3.8'",
            "version": "==2.5.1"
        },
        "django-sekizai": {
            "hashes": [
                "sha256:2aca36cbae0b5c0cefed9565416ec442335767fb3145bff11e58622fc653cdad",
                "sha256:aa12e66ba0335fbe726b7d74cf4e8716b89a0be99a1304a9b9e8b191229e2e4a"
            ],
            "markers": "python_version >= '3.8'",
            "version": "==4.1.0"
        },
        "django-treebeard": {
            "hashes": [
                "sha256:846e462904b437155f76e04907ba4e48480716855f88b898df4122bdcfbd6e98",
                "sha256:995c7120153ab999898fe3043bbdcd8a0fc77cc106eb94de7350e9d02c885135"
            ],
            "markers": "python_version >= '3.8'",
            "version": "==4.7.1"
        },
        "djangocms-admin-style": {
            "hashes": [
                "sha256:9b76aafda245205e0a88d57efd5097a96c1a7fcb78d7f3efa50955eb980079de",
                "sha256:da20de3831f1a1a74de33fe12bbd3865a0027a982878c02aa1d102b1c799d767"
            ],
            "markers": "python_version >= '3.7'",
            "version": "==3.3.1"
        },
        "packaging": {
            "hashes": [
                "sha256:2ddfb553fdf02fb784c234c7ba6ccc288296ceabec964ad2eae3777778130bc5",
                "sha256:eb82c5e3e56209074766e6885bb04b8c38a0c015d0a30036ebe7ece34c9989e9"
            ],
            "markers": "python_version >= '3.7'",
            "version": "==24.0"
        },
        "setuptools": {
            "hashes": [
                "sha256:0ff4183f8f42cd8fa3acea16c45205521a4ef28f73c6391d8a25e92893134f2e",
                "sha256:c21c49fb1042386df081cb5d86759792ab89efca84cf114889191cd09aacc80c"
            ],
            "markers": "python_version >= '3.8'",
            "version": "==69.2.0"
        },
        "sqlparse": {
            "hashes": [
                "sha256:5430a4fe2ac7d0f93e66f1efc6e1338a41884b7ddf2a350cedd20ccc4d9d28f3",
                "sha256:d446183e84b8349fa3061f0fe7f06ca94ba65b426946ffebe6e3e8295332420c"
            ],
            "markers": "python_version >= '3.5'",
            "version": "==0.4.4"
        }
    },
    "develop": {}
}
